PODS:
  - Alamofire (4.5.1)
  - ATRequest (0.1.0):
    - Alamofire
    - ObjectMapper
    - YYCache
  - ObjectMapper (3.1.0)
  - YYCache (1.0.4)

DEPENDENCIES:
  - ATRequest (from `../`)

EXTERNAL SOURCES:
  ATRequest:
    :path: ../

SPEC CHECKSUMS:
  Alamofire: 2d95912bf4c34f164fdfc335872e8c312acaea4a
  ATRequest: 14193be509cd7aa11d3f7e755eb061021de8300f
  ObjectMapper: 20505058f54e5c3ca69e1d6de9897d152a5369a6
  YYCache: 8105b6638f5e849296c71f331ff83891a4942952

PODFILE CHECKSUM: c8e9a7e57dbf7c5b6143624c95b4686224f46b9b

COCOAPODS: 1.3.1
